{
  "pins" : [
    {
      "identity" : "awesomenumberskit",
      "kind" : "remoteSourceControl",
      "location" : "https://github.com/oscbyspro/AwesomeNumbersKit.git",
      "state" : {
        "revision" : "37f07994f9f3555c62378122d72067c994ff2a88",
        "version" : "0.6.2"
      }
    },
    {
      "identity" : "fosutilities",
      "kind" : "remoteSourceControl",
      "location" : "https://github.com/foscomputerservices/FOSUtilities.git",
      "state" : {
        "branch" : "main",
        "revision" : "281b02b8706b72520b7aa8e7d71d5ea699648612"
      }
    }
  ],
  "version" : 2
}
